
Microsoft Visual Studio Solution File, Format Version 12.00
# Visual Studio Version 17
VisualStudioVersion = 17.0.31903.59
MinimumVisualStudioVersion = 10.0.40219.1
Project("{FAE04EC0-301F-11D3-BF4B-00C04F79EFBC}") = "API", "API\API.csproj", "{E6E21CBB-630C-40CF-859D-C323D0A72211}"
EndProject
Project("{FAE04EC0-301F-11D3-BF4B-00C04F79EFBC}") = "Application", "Application\Application.csproj", "{F3DDD184-8C45-4F2B-9056-F347FC552C94}"
EndProject
Project("{FAE04EC0-301F-11D3-BF4B-00C04F79EFBC}") = "Domain", "Domain\Domain.csproj", "{F7809E3E-242D-4248-9819-E9F6EF678593}"
EndProject
Project("{FAE04EC0-301F-11D3-BF4B-00C04F79EFBC}") = "Persistence", "Persistence\Persistence.csproj", "{6D55B185-227A-4C77-B05F-99C2F2FC3FA9}"
EndProject
Global
	GlobalSection(SolutionConfigurationPlatforms) = preSolution
		Debug|Any CPU = Debug|Any CPU
		Release|Any CPU = Release|Any CPU
	EndGlobalSection
	GlobalSection(SolutionProperties) = preSolution
		HideSolutionNode = FALSE
	EndGlobalSection
	GlobalSection(ProjectConfigurationPlatforms) = postSolution
		{E6E21CBB-630C-40CF-859D-C323D0A72211}.Debug|Any CPU.ActiveCfg = Debug|Any CPU
		{E6E21CBB-630C-40CF-859D-C323D0A72211}.Debug|Any CPU.Build.0 = Debug|Any CPU
		{E6E21CBB-630C-40CF-859D-C323D0A72211}.Release|Any CPU.ActiveCfg = Release|Any CPU
		{E6E21CBB-630C-40CF-859D-C323D0A72211}.Release|Any CPU.Build.0 = Release|Any CPU
		{F3DDD184-8C45-4F2B-9056-F347FC552C94}.Debug|Any CPU.ActiveCfg = Debug|Any CPU
		{F3DDD184-8C45-4F2B-9056-F347FC552C94}.Debug|Any CPU.Build.0 = Debug|Any CPU
		{F3DDD184-8C45-4F2B-9056-F347FC552C94}.Release|Any CPU.ActiveCfg = Release|Any CPU
		{F3DDD184-8C45-4F2B-9056-F347FC552C94}.Release|Any CPU.Build.0 = Release|Any CPU
		{F7809E3E-242D-4248-9819-E9F6EF678593}.Debug|Any CPU.ActiveCfg = Debug|Any CPU
		{F7809E3E-242D-4248-9819-E9F6EF678593}.Debug|Any CPU.Build.0 = Debug|Any CPU
		{F7809E3E-242D-4248-9819-E9F6EF678593}.Release|Any CPU.ActiveCfg = Release|Any CPU
		{F7809E3E-242D-4248-9819-E9F6EF678593}.Release|Any CPU.Build.0 = Release|Any CPU
		{6D55B185-227A-4C77-B05F-99C2F2FC3FA9}.Debug|Any CPU.ActiveCfg = Debug|Any CPU
		{6D55B185-227A-4C77-B05F-99C2F2FC3FA9}.Debug|Any CPU.Build.0 = Debug|Any CPU
		{6D55B185-227A-4C77-B05F-99C2F2FC3FA9}.Release|Any CPU.ActiveCfg = Release|Any CPU
		{6D55B185-227A-4C77-B05F-99C2F2FC3FA9}.Release|Any CPU.Build.0 = Release|Any CPU
	EndGlobalSection
EndGlobal
